
Microsoft Visual Studio Solution File, Format Version 12.00
# Visual Studio Version 17
VisualStudioVersion = 17.8.34330.188
MinimumVisualStudioVersion = 10.0.40219.1
Project("{FAE04EC0-301F-11D3-BF4B-00C04F79EFBC}") = "Infrastructure", "Infrastructure\Infrastructure.csproj", "{188CC366-142C-42AA-8313-188FD18F20B0}"
EndProject
Project("{FAE04EC0-301F-11D3-BF4B-00C04F79EFBC}") = "Domain", "Domain\Domain.csproj", "{1E3CBA6A-D986-45BE-871D-21115E8097EF}"
EndProject
Project("{FAE04EC0-301F-11D3-BF4B-00C04F79EFBC}") = "Application", "Application\Application.csproj", "{70342B28-C5AD-433E-9A0B-75A37F344284}"
EndProject
Project("{FAE04EC0-301F-11D3-BF4B-00C04F79EFBC}") = "Test", "Test\Test.csproj", "{4AC791E4-D313-44F5-B050-0BAF0D36D427}"
EndProject
Project("{FAE04EC0-301F-11D3-BF4B-00C04F79EFBC}") = "API", "API\API.csproj", "{299DB729-B228-4FFE-8BC0-CFAEBA4B641F}"
EndProject
Global
	GlobalSection(SolutionConfigurationPlatforms) = preSolution
		Debug|Any CPU = Debug|Any CPU
		Release|Any CPU = Release|Any CPU
	EndGlobalSection
	GlobalSection(ProjectConfigurationPlatforms) = postSolution
		{188CC366-142C-42AA-8313-188FD18F20B0}.Debug|Any CPU.ActiveCfg = Debug|Any CPU
		{188CC366-142C-42AA-8313-188FD18F20B0}.Debug|Any CPU.Build.0 = Debug|Any CPU
		{188CC366-142C-42AA-8313-188FD18F20B0}.Release|Any CPU.ActiveCfg = Release|Any CPU
		{188CC366-142C-42AA-8313-188FD18F20B0}.Release|Any CPU.Build.0 = Release|Any CPU
		{1E3CBA6A-D986-45BE-871D-21115E8097EF}.Debug|Any CPU.ActiveCfg = Debug|Any CPU
		{1E3CBA6A-D986-45BE-871D-21115E8097EF}.Debug|Any CPU.Build.0 = Debug|Any CPU
		{1E3CBA6A-D986-45BE-871D-21115E8097EF}.Release|Any CPU.ActiveCfg = Release|Any CPU
		{1E3CBA6A-D986-45BE-871D-21115E8097EF}.Release|Any CPU.Build.0 = Release|Any CPU
		{70342B28-C5AD-433E-9A0B-75A37F344284}.Debug|Any CPU.ActiveCfg = Debug|Any CPU
		{70342B28-C5AD-433E-9A0B-75A37F344284}.Debug|Any CPU.Build.0 = Debug|Any CPU
		{70342B28-C5AD-433E-9A0B-75A37F344284}.Release|Any CPU.ActiveCfg = Release|Any CPU
		{70342B28-C5AD-433E-9A0B-75A37F344284}.Release|Any CPU.Build.0 = Release|Any CPU
		{4AC791E4-D313-44F5-B050-0BAF0D36D427}.Debug|Any CPU.ActiveCfg = Debug|Any CPU
		{4AC791E4-D313-44F5-B050-0BAF0D36D427}.Debug|Any CPU.Build.0 = Debug|Any CPU
		{4AC791E4-D313-44F5-B050-0BAF0D36D427}.Release|Any CPU.ActiveCfg = Release|Any CPU
		{4AC791E4-D313-44F5-B050-0BAF0D36D427}.Release|Any CPU.Build.0 = Release|Any CPU
		{299DB729-B228-4FFE-8BC0-CFAEBA4B641F}.Debug|Any CPU.ActiveCfg = Debug|Any CPU
		{299DB729-B228-4FFE-8BC0-CFAEBA4B641F}.Debug|Any CPU.Build.0 = Debug|Any CPU
		{299DB729-B228-4FFE-8BC0-CFAEBA4B641F}.Release|Any CPU.ActiveCfg = Release|Any CPU
		{299DB729-B228-4FFE-8BC0-CFAEBA4B641F}.Release|Any CPU.Build.0 = Release|Any CPU
	EndGlobalSection
	GlobalSection(SolutionProperties) = preSolution
		HideSolutionNode = FALSE
	EndGlobalSection
	GlobalSection(ExtensibilityGlobals) = postSolution
		SolutionGuid = {859C078D-42E0-4E61-B482-6CFD1F25959E}
	EndGlobalSection
EndGlobal
